{
  "lockfileVersion": 1,
  "configVersion": 1,
  "workspaces": {
    "": {
      "name": "true-up",
      "devDependencies": {
        "tree-sitter-wasms": "0.1.13",
        "web-tree-sitter": "0.24.7",
      },
      "peerDependencies": {
        "tree-sitter-wasms": "0.1.13",
        "web-tree-sitter": "0.24.7",
      },
      "optionalPeers": [
        "tree-sitter-wasms",
        "web-tree-sitter",
      ],
    },
  },
  "packages": {
    "tree-sitter-wasms": ["tree-sitter-wasms@0.1.13", "", { "dependencies": { "tree-sitter-wasms": "^0.1.11" } }, "sha512-wT+cR6DwaIz80/vho3AvSF0N4txuNx/5bcRKoXouOfClpxh/qqrF4URNLQXbbt8MaAxeksZcZd1j8gcGjc+QxQ=="],

    "web-tree-sitter": ["web-tree-sitter@0.24.7", "", {}, "sha512-CdC/TqVFbXqR+C51v38hv6wOPatKEUGxa39scAeFSm98wIhZxAYonhRQPSMmfZ2w7JDI0zQDdzdmgtNk06/krQ=="],
  }
}
